
Microsoft Visual Studio Solution File, Format Version 12.00
# Visual Studio Version 16
VisualStudioVersion = 16.0.30517.126
MinimumVisualStudioVersion = 10.0.40219.1
Project("{FAE04EC0-301F-11D3-BF4B-00C04F79EFBC}") = "UTAS.Android", "UTAS.Android\UTAS.Android.csproj", "{7FE95E32-742B-4F2B-97CF-3F06FA1E4AE0}"
EndProject
Project("{FAE04EC0-301F-11D3-BF4B-00C04F79EFBC}") = "UTAS", "UTAS\UTAS.csproj", "{F615FDF3-DE40-4B8A-9BBF-AE630FCE2BE6}"
EndProject
Global
	GlobalSection(SolutionConfigurationPlatforms) = preSolution
		Debug|Any CPU = Debug|Any CPU
		Release|Any CPU = Release|Any CPU
	EndGlobalSection
	GlobalSection(ProjectConfigurationPlatforms) = postSolution
		{7FE95E32-742B-4F2B-97CF-3F06FA1E4AE0}.Debug|Any CPU.ActiveCfg = Debug|Any CPU
		{7FE95E32-742B-4F2B-97CF-3F06FA1E4AE0}.Debug|Any CPU.Build.0 = Debug|Any CPU
		{7FE95E32-742B-4F2B-97CF-3F06FA1E4AE0}.Debug|Any CPU.Deploy.0 = Debug|Any CPU
		{7FE95E32-742B-4F2B-97CF-3F06FA1E4AE0}.Release|Any CPU.ActiveCfg = Release|Any CPU
		{7FE95E32-742B-4F2B-97CF-3F06FA1E4AE0}.Release|Any CPU.Build.0 = Release|Any CPU
		{7FE95E32-742B-4F2B-97CF-3F06FA1E4AE0}.Release|Any CPU.Deploy.0 = Release|Any CPU
		{F615FDF3-DE40-4B8A-9BBF-AE630FCE2BE6}.Debug|Any CPU.ActiveCfg = Debug|Any CPU
		{F615FDF3-DE40-4B8A-9BBF-AE630FCE2BE6}.Debug|Any CPU.Build.0 = Debug|Any CPU
		{F615FDF3-DE40-4B8A-9BBF-AE630FCE2BE6}.Debug|Any CPU.Deploy.0 = Debug|Any CPU
		{F615FDF3-DE40-4B8A-9BBF-AE630FCE2BE6}.Release|Any CPU.ActiveCfg = Release|Any CPU
		{F615FDF3-DE40-4B8A-9BBF-AE630FCE2BE6}.Release|Any CPU.Build.0 = Release|Any CPU
		{F615FDF3-DE40-4B8A-9BBF-AE630FCE2BE6}.Release|Any CPU.Deploy.0 = Release|Any CPU
	EndGlobalSection
	GlobalSection(SolutionProperties) = preSolution
		HideSolutionNode = FALSE
	EndGlobalSection
	GlobalSection(ExtensibilityGlobals) = postSolution
		SolutionGuid = {6CC25CD4-AC4E-4C13-B813-FF891E86DA11}
	EndGlobalSection
EndGlobal
